
Microsoft Visual Studio Solution File, Format Version 12.00
# Visual Studio Version 16
VisualStudioVersion = 16.0.29911.84
MinimumVisualStudioVersion = 10.0.40219.1
Project("{9A19103F-16F7-4668-BE54-9A1E7A4F7556}") = "ML.Modes", "ML.Modes\ML.Modes.csproj", "{1EB12254-7654-4D27-A51C-6EA8AB71027E}"
EndProject
Project("{9A19103F-16F7-4668-BE54-9A1E7A4F7556}") = "ML.Trainings", "ML.Trainings\ML.Trainings.csproj", "{22528E22-B0B8-4A73-96FE-796EBA790A93}"
EndProject
Project("{9A19103F-16F7-4668-BE54-9A1E7A4F7556}") = "ML.Test", "ML.Test\ML.Test.csproj", "{A960C3B3-421D-467D-BBCF-D8D1A1B17856}"
EndProject
Project("{9A19103F-16F7-4668-BE54-9A1E7A4F7556}") = "ML.Infrastructure", "ML.Infrastructure\ML.Infrastructure.csproj", "{D06057FC-7371-4D74-A424-DB22AEB08FAB}"
EndProject
Project("{2150E333-8FDC-42A3-9474-1A3956D46DE8}") = "Test", "Test", "{590D6C18-962B-4CE9-9495-7681A10E8DFB}"
EndProject
Project("{2150E333-8FDC-42A3-9474-1A3956D46DE8}") = "Infrastructure", "Infrastructure", "{C5E5D69E-B3BB-4219-9B0C-D95CFDE02542}"
EndProject
Project("{2150E333-8FDC-42A3-9474-1A3956D46DE8}") = "MachineLearning", "MachineLearning", "{69D3DE47-5758-4268-ACC3-5B898D79958F}"
EndProject
Project("{2150E333-8FDC-42A3-9474-1A3956D46DE8}") = "Presentation", "Presentation", "{7E026F19-773D-47B9-B4F7-57245542B9BF}"
EndProject
Project("{9A19103F-16F7-4668-BE54-9A1E7A4F7556}") = "ML.WebApp", "ML.WebApp\ML.WebApp.csproj", "{A807DA7F-F3C3-4A05-AF5A-FCCC5CC6526A}"
EndProject
Project("{9A19103F-16F7-4668-BE54-9A1E7A4F7556}") = "ML.Infrastructure.Web", "ML.Infrastructure.Web\ML.Infrastructure.Web.csproj", "{CB548D09-07A0-43E2-92FA-4AC93303655F}"
EndProject
Project("{FAE04EC0-301F-11D3-BF4B-00C04F79EFBC}") = "ML.Business", "ML.Business\ML.Business.csproj", "{62D37A55-37DE-47A2-98B5-CC0788C37BBD}"
EndProject
Project("{2150E333-8FDC-42A3-9474-1A3956D46DE8}") = "Business", "Business", "{E1DBDAA2-5EA7-4366-B0FC-469D23DAC5BA}"
EndProject
Global
	GlobalSection(SolutionConfigurationPlatforms) = preSolution
		Debug|Any CPU = Debug|Any CPU
		Release|Any CPU = Release|Any CPU
	EndGlobalSection
	GlobalSection(ProjectConfigurationPlatforms) = postSolution
		{1EB12254-7654-4D27-A51C-6EA8AB71027E}.Debug|Any CPU.ActiveCfg = Debug|Any CPU
		{1EB12254-7654-4D27-A51C-6EA8AB71027E}.Debug|Any CPU.Build.0 = Debug|Any CPU
		{1EB12254-7654-4D27-A51C-6EA8AB71027E}.Release|Any CPU.ActiveCfg = Release|Any CPU
		{1EB12254-7654-4D27-A51C-6EA8AB71027E}.Release|Any CPU.Build.0 = Release|Any CPU
		{22528E22-B0B8-4A73-96FE-796EBA790A93}.Debug|Any CPU.ActiveCfg = Debug|Any CPU
		{22528E22-B0B8-4A73-96FE-796EBA790A93}.Debug|Any CPU.Build.0 = Debug|Any CPU
		{22528E22-B0B8-4A73-96FE-796EBA790A93}.Release|Any CPU.ActiveCfg = Release|Any CPU
		{22528E22-B0B8-4A73-96FE-796EBA790A93}.Release|Any CPU.Build.0 = Release|Any CPU
		{A960C3B3-421D-467D-BBCF-D8D1A1B17856}.Debug|Any CPU.ActiveCfg = Debug|Any CPU
		{A960C3B3-421D-467D-BBCF-D8D1A1B17856}.Debug|Any CPU.Build.0 = Debug|Any CPU
		{A960C3B3-421D-467D-BBCF-D8D1A1B17856}.Release|Any CPU.ActiveCfg = Release|Any CPU
		{A960C3B3-421D-467D-BBCF-D8D1A1B17856}.Release|Any CPU.Build.0 = Release|Any CPU
		{D06057FC-7371-4D74-A424-DB22AEB08FAB}.Debug|Any CPU.ActiveCfg = Debug|Any CPU
		{D06057FC-7371-4D74-A424-DB22AEB08FAB}.Debug|Any CPU.Build.0 = Debug|Any CPU
		{D06057FC-7371-4D74-A424-DB22AEB08FAB}.Release|Any CPU.ActiveCfg = Release|Any CPU
		{D06057FC-7371-4D74-A424-DB22AEB08FAB}.Release|Any CPU.Build.0 = Release|Any CPU
		{A807DA7F-F3C3-4A05-AF5A-FCCC5CC6526A}.Debug|Any CPU.ActiveCfg = Debug|Any CPU
		{A807DA7F-F3C3-4A05-AF5A-FCCC5CC6526A}.Debug|Any CPU.Build.0 = Debug|Any CPU
		{A807DA7F-F3C3-4A05-AF5A-FCCC5CC6526A}.Release|Any CPU.ActiveCfg = Release|Any CPU
		{A807DA7F-F3C3-4A05-AF5A-FCCC5CC6526A}.Release|Any CPU.Build.0 = Release|Any CPU
		{CB548D09-07A0-43E2-92FA-4AC93303655F}.Debug|Any CPU.ActiveCfg = Debug|Any CPU
		{CB548D09-07A0-43E2-92FA-4AC93303655F}.Debug|Any CPU.Build.0 = Debug|Any CPU
		{CB548D09-07A0-43E2-92FA-4AC93303655F}.Release|Any CPU.ActiveCfg = Release|Any CPU
		{CB548D09-07A0-43E2-92FA-4AC93303655F}.Release|Any CPU.Build.0 = Release|Any CPU
		{62D37A55-37DE-47A2-98B5-CC0788C37BBD}.Debug|Any CPU.ActiveCfg = Debug|Any CPU
		{62D37A55-37DE-47A2-98B5-CC0788C37BBD}.Debug|Any CPU.Build.0 = Debug|Any CPU
		{62D37A55-37DE-47A2-98B5-CC0788C37BBD}.Release|Any CPU.ActiveCfg = Release|Any CPU
		{62D37A55-37DE-47A2-98B5-CC0788C37BBD}.Release|Any CPU.Build.0 = Release|Any CPU
	EndGlobalSection
	GlobalSection(SolutionProperties) = preSolution
		HideSolutionNode = FALSE
	EndGlobalSection
	GlobalSection(NestedProjects) = preSolution
		{1EB12254-7654-4D27-A51C-6EA8AB71027E} = {69D3DE47-5758-4268-ACC3-5B898D79958F}
		{22528E22-B0B8-4A73-96FE-796EBA790A93} = {69D3DE47-5758-4268-ACC3-5B898D79958F}
		{A960C3B3-421D-467D-BBCF-D8D1A1B17856} = {590D6C18-962B-4CE9-9495-7681A10E8DFB}
		{D06057FC-7371-4D74-A424-DB22AEB08FAB} = {C5E5D69E-B3BB-4219-9B0C-D95CFDE02542}
		{A807DA7F-F3C3-4A05-AF5A-FCCC5CC6526A} = {7E026F19-773D-47B9-B4F7-57245542B9BF}
		{CB548D09-07A0-43E2-92FA-4AC93303655F} = {C5E5D69E-B3BB-4219-9B0C-D95CFDE02542}
		{62D37A55-37DE-47A2-98B5-CC0788C37BBD} = {E1DBDAA2-5EA7-4366-B0FC-469D23DAC5BA}
	EndGlobalSection
	GlobalSection(ExtensibilityGlobals) = postSolution
		SolutionGuid = {843EEDF7-6E83-48B3-9038-F52026ACEDD8}
	EndGlobalSection
EndGlobal
